
Microsoft Visual Studio Solution File, Format Version 12.00
# Visual Studio Version 16
VisualStudioVersion = 16.0.28902.138
MinimumVisualStudioVersion = 10.0.40219.1
Project("{FAE04EC0-301F-11D3-BF4B-00C04F79EFBC}") = "Veterinary", "Veterinary\Veterinary.csproj", "{04C884C1-67B4-46F2-A76C-8DF23E0A3866}"
EndProject
Global
	GlobalSection(SolutionConfigurationPlatforms) = preSolution
		Debug|Any CPU = Debug|Any CPU
		Release|Any CPU = Release|Any CPU
	EndGlobalSection
	GlobalSection(ProjectConfigurationPlatforms) = postSolution
		{04C884C1-67B4-46F2-A76C-8DF23E0A3866}.Debug|Any CPU.ActiveCfg = Debug|Any CPU
		{04C884C1-67B4-46F2-A76C-8DF23E0A3866}.Debug|Any CPU.Build.0 = Debug|Any CPU
		{04C884C1-67B4-46F2-A76C-8DF23E0A3866}.Release|Any CPU.ActiveCfg = Release|Any CPU
		{04C884C1-67B4-46F2-A76C-8DF23E0A3866}.Release|Any CPU.Build.0 = Release|Any CPU
	EndGlobalSection
	GlobalSection(SolutionProperties) = preSolution
		HideSolutionNode = FALSE
	EndGlobalSection
	GlobalSection(ExtensibilityGlobals) = postSolution
		SolutionGuid = {7D1DBC90-670C-4A60-BDB6-B766DE289C44}
	EndGlobalSection
EndGlobal
